
Microsoft Visual Studio Solution File, Format Version 12.00
# Visual Studio Version 16
VisualStudioVersion = 16.0.30621.155
MinimumVisualStudioVersion = 10.0.40219.1
Project("{FAE04EC0-301F-11D3-BF4B-00C04F79EFBC}") = "if else program", "if else program\if else program.csproj", "{A9AE6F1A-8C5C-45BA-858F-C20E95025060}"
EndProject
Global
	GlobalSection(SolutionConfigurationPlatforms) = preSolution
		Debug|Any CPU = Debug|Any CPU
		Release|Any CPU = Release|Any CPU
	EndGlobalSection
	GlobalSection(ProjectConfigurationPlatforms) = postSolution
		{A9AE6F1A-8C5C-45BA-858F-C20E95025060}.Debug|Any CPU.ActiveCfg = Debug|Any CPU
		{A9AE6F1A-8C5C-45BA-858F-C20E95025060}.Debug|Any CPU.Build.0 = Debug|Any CPU
		{A9AE6F1A-8C5C-45BA-858F-C20E95025060}.Release|Any CPU.ActiveCfg = Release|Any CPU
		{A9AE6F1A-8C5C-45BA-858F-C20E95025060}.Release|Any CPU.Build.0 = Release|Any CPU
	EndGlobalSection
	GlobalSection(SolutionProperties) = preSolution
		HideSolutionNode = FALSE
	EndGlobalSection
	GlobalSection(ExtensibilityGlobals) = postSolution
		SolutionGuid = {200A99E1-651D-421E-94F1-75080290AECE}
	EndGlobalSection
EndGlobal
